// !$*UTF8*$!
{
	archiveVersion = 1;
	classes = {
	};
	objectVersion = 46;
	objects = {

/* Begin PBXBuildFile section */
		ECF7E1CE18C0516D002BA385 /* Foundation.framework in Frameworks */ = {isa = PBXBuildFile; fileRef = ECF7E1CD18C0516D002BA385 /* Foundation.framework */; };
		ECF7E1D018C0516D002BA385 /* CoreGraphics.framework in Frameworks */ = {isa = PBXBuildFile; fileRef = ECF7E1CF18C0516D002BA385 /* CoreGraphics.framework */; };
		ECF7E1D218C0516D002BA385 /* UIKit.framework in Frameworks */ = {isa = PBXBuildFile; fileRef = ECF7E1D118C0516D002BA385 /* UIKit.framework */; };
		ECF7E1D818C0516D002BA385 /* InfoPlist.strings in Resources */ = {isa = PBXBuildFile; fileRef = ECF7E1D618C0516D002BA385 /* InfoPlist.strings */; };
		ECF7E1DA18C0516D002BA385 /* main.m in Sources */ = {isa = PBXBuildFile; fileRef = ECF7E1D918C0516D002BA385 /* main.m */; };
		ECF7E1DE18C0516D002BA385 /* bixAppDelegate.m in Sources */ = {isa = PBXBuildFile; fileRef = ECF7E1DD18C0516D002BA385 /* bixAppDelegate.m */; };
		ECF7E1E118C0516D002BA385 /* Main.storyboard in Resources */ = {isa = PBXBuildFile; fileRef = ECF7E1DF18C0516D002BA385 /* Main.storyboard */; };
		ECF7E1E418C0516D002BA385 /* bixFirstViewController.m in Sources */ = {isa = PBXBuildFile; fileRef = ECF7E1E318C0516D002BA385 /* bixFirstViewController.m */; };
		ECF7E1E718C0516D002BA385 /* bixSecondViewController.m in Sources */ = {isa = PBXBuildFile; fileRef = ECF7E1E618C0516D002BA385 /* bixSecondViewController.m */; };
		ECF7E1E918C0516D002BA385 /* Images.xcassets in Resources */ = {isa = PBXBuildFile; fileRef = ECF7E1E818C0516D002BA385 /* Images.xcassets */; };
		ECF7E1F018C0516D002BA385 /* XCTest.framework in Frameworks */ = {isa = PBXBuildFile; fileRef = ECF7E1EF18C0516D002BA385 /* XCTest.framework */; };
		ECF7E1F118C0516D002BA385 /* Foundation.framework in Frameworks */ = {isa = PBXBuildFile; fileRef = ECF7E1CD18C0516D002BA385 /* Foundation.framework */; };
		ECF7E1F218C0516D002BA385 /* UIKit.framework in Frameworks */ = {isa = PBXBuildFile; fileRef = ECF7E1D118C0516D002BA385 /* UIKit.framework */; };
		ECF7E1FA18C0516D002BA385 /* InfoPlist.strings in Resources */ = {isa = PBXBuildFile; fileRef = ECF7E1F818C0516D002BA385 /* InfoPlist.strings */; };
		ECF7E1FC18C0516D002BA385 /* bixTests.m in Sources */ = {isa = PBXBuildFile; fileRef = ECF7E1FB18C0516D002BA385 /* bixTests.m */; };
/* End PBXBuildFile section */

/* Begin PBXContainerItemProxy section */
		ECF7E1F318C0516D002BA385 /* PBXContainerItemProxy */ = {
			isa = PBXContainerItemProxy;
			containerPortal = ECF7E1C218C0516D002BA385 /* Project object */;
			proxyType = 1;
			remoteGlobalIDString = ECF7E1C918C0516D002BA385;
			remoteInfo = bix;
		};
/* End PBXContainerItemProxy section */

/* Begin PBXFileReference section */
		ECF7E1CA18C0516D002BA385 /* bix.app */ = {isa = PBXFileReference; explicitFileType = wrapper.application; includeInIndex = 0; path = bix.app; sourceTree = BUILT_PRODUCTS_DIR; };
		ECF7E1CD18C0516D002BA385 /* Foundation.framework */ = {isa = PBXFileReference; lastKnownFileType = wrapper.framework; name = Foundation.framework; path = System/Library/Frameworks/Foundation.framework; sourceTree = SDKROOT; };
		ECF7E1CF18C0516D002BA385 /* CoreGraphics.framework */ = {isa = PBXFileReference; lastKnownFileType = wrapper.framework; name = CoreGraphics.framework; path = System/Library/Frameworks/CoreGraphics.framework; sourceTree = SDKROOT; };
		ECF7E1D118C0516D002BA385 /* UIKit.framework */ = {isa = PBXFileReference; lastKnownFileType = wrapper.framework; name = UIKit.framework; path = System/Library/Frameworks/UIKit.framework; sourceTree = SDKROOT; };
		ECF7E1D518C0516D002BA385 /* bix-Info.plist */ = {isa = PBXFileReference; lastKnownFileType = text.plist.xml; path = "bix-Info.plist"; sourceTree = "<group>"; };
		ECF7E1D718C0516D002BA385 /* en */ = {isa = PBXFileReference; lastKnownFileType = text.plist.strings; name = en; path = en.lproj/InfoPlist.strings; sourceTree = "<group>"; };
		ECF7E1D918C0516D002BA385 /* main.m */ = {isa = PBXFileReference; lastKnownFileType = sourcecode.c.objc; path = main.m; sourceTree = "<group>"; };
		ECF7E1DB18C0516D002BA385 /* bix-Prefix.pch */ = {isa = PBXFileReference; lastKnownFileType = sourcecode.c.h; path = "bix-Prefix.pch"; sourceTree = "<group>"; };
		ECF7E1DC18C0516D002BA385 /* bixAppDelegate.h */ = {isa = PBXFileReference; lastKnownFileType = sourcecode.c.h; path = bixAppDelegate.h; sourceTree = "<group>"; };
		ECF7E1DD18C0516D002BA385 /* bixAppDelegate.m */ = {isa = PBXFileReference; lastKnownFileType = sourcecode.c.objc; path = bixAppDelegate.m; sourceTree = "<group>"; };
		ECF7E1E018C0516D002BA385 /* Base */ = {isa = PBXFileReference; lastKnownFileType = file.storyboard; name = Base; path = Base.lproj/Main.storyboard; sourceTree = "<group>"; };
		ECF7E1E218C0516D002BA385 /* bixFirstViewController.h */ = {isa = PBXFileReference; lastKnownFileType = sourcecode.c.h; path = bixFirstViewController.h; sourceTree = "<group>"; };
		ECF7E1E318C0516D002BA385 /* bixFirstViewController.m */ = {isa = PBXFileReference; lastKnownFileType = sourcecode.c.objc; path = bixFirstViewController.m; sourceTree = "<group>"; };
		ECF7E1E518C0516D002BA385 /* bixSecondViewController.h */ = {isa = PBXFileReference; lastKnownFileType = sourcecode.c.h; path = bixSecondViewController.h; sourceTree = "<group>"; };
		ECF7E1E618C0516D002BA385 /* bixSecondViewController.m */ = {isa = PBXFileReference; lastKnownFileType = sourcecode.c.objc; path = bixSecondViewController.m; sourceTree = "<group>"; };
		ECF7E1E818C0516D002BA385 /* Images.xcassets */ = {isa = PBXFileReference; lastKnownFileType = folder.assetcatalog; path = Images.xcassets; sourceTree = "<group>"; };
		ECF7E1EE18C0516D002BA385 /* bixTests.xctest */ = {isa = PBXFileReference; explicitFileType = wrapper.cfbundle; includeInIndex = 0; path = bixTests.xctest; sourceTree = BUILT_PRODUCTS_DIR; };
		ECF7E1EF18C0516D002BA385 /* XCTest.framework */ = {isa = PBXFileReference; lastKnownFileType = wrapper.framework; name = XCTest.framework; path = Library/Frameworks/XCTest.framework; sourceTree = DEVELOPER_DIR; };
		ECF7E1F718C0516D002BA385 /* bixTests-Info.plist */ = {isa = PBXFileReference; lastKnownFileType = text.plist.xml; path = "bixTests-Info.plist"; sourceTree = "<group>"; };
		ECF7E1F918C0516D002BA385 /* en */ = {isa = PBXFileReference; lastKnownFileType = text.plist.strings; name = en; path = en.lproj/InfoPlist.strings; sourceTree = "<group>"; };
		ECF7E1FB18C0516D002BA385 /* bixTests.m */ = {isa = PBXFileReference; lastKnownFileType = sourcecode.c.objc; path = bixTests.m; sourceTree = "<group>"; };
/* End PBXFileReference section */

/* Begin PBXFrameworksBuildPhase section */
		ECF7E1C718C0516D002BA385 /* Frameworks */ = {
			isa = PBXFrameworksBuildPhase;
			buildActionMask = 2147483647;
			files = (
				ECF7E1D018C0516D002BA385 /* CoreGraphics.framework in Frameworks */,
				ECF7E1D218C0516D002BA385 /* UIKit.framework in Frameworks */,
				ECF7E1CE18C0516D002BA385 /* Foundation.framework in Frameworks */,
			);
			runOnlyForDeploymentPostprocessing = 0;
		};
		ECF7E1EB18C0516D002BA385 /* Frameworks */ = {
			isa = PBXFrameworksBuildPhase;
			buildActionMask = 2147483647;
			files = (
				ECF7E1F018C0516D002BA385 /* XCTest.framework in Frameworks */,
				ECF7E1F218C0516D002BA385 /* UIKit.framework in Frameworks */,
				ECF7E1F118C0516D002BA385 /* Foundation.framework in Frameworks */,
			);
			runOnlyForDeploymentPostprocessing = 0;
		};
/* End PBXFrameworksBuildPhase section */

/* Begin PBXGroup section */
		ECF7E1C118C0516D002BA385 = {
			isa = PBXGroup;
			children = (
				ECF7E1D318C0516D002BA385 /* bix */,
				ECF7E1F518C0516D002BA385 /* bixTests */,
				ECF7E1CC18C0516D002BA385 /* Frameworks */,
				ECF7E1CB18C0516D002BA385 /* Products */,
			);
			sourceTree = "<group>";
		};
		ECF7E1CB18C0516D002BA385 /* Products */ = {
			isa = PBXGroup;
			children = (
				ECF7E1CA18C0516D002BA385 /* bix.app */,
				ECF7E1EE18C0516D002BA385 /* bixTests.xctest */,
			);
			name = Products;
			sourceTree = "<group>";
		};
		ECF7E1CC18C0516D002BA385 /* Frameworks */ = {
			isa = PBXGroup;
			children = (
				ECF7E1CD18C0516D002BA385 /* Foundation.framework */,
				ECF7E1CF18C0516D002BA385 /* CoreGraphics.framework */,
				ECF7E1D118C0516D002BA385 /* UIKit.framework */,
				ECF7E1EF18C0516D002BA385 /* XCTest.framework */,
			);
			name = Frameworks;
			sourceTree = "<group>";
		};
		ECF7E1D318C0516D002BA385 /* bix */ = {
			isa = PBXGroup;
			children = (
				ECF7E1DC18C0516D002BA385 /* bixAppDelegate.h */,
				ECF7E1DD18C0516D002BA385 /* bixAppDelegate.m */,
				ECF7E1DF18C0516D002BA385 /* Main.storyboard */,
				ECF7E1E218C0516D002BA385 /* bixFirstViewController.h */,
				ECF7E1E318C0516D002BA385 /* bixFirstViewController.m */,
				ECF7E1E518C0516D002BA385 /* bixSecondViewController.h */,
				ECF7E1E618C0516D002BA385 /* bixSecondViewController.m */,
				ECF7E1E818C0516D002BA385 /* Images.xcassets */,
				ECF7E1D418C0516D002BA385 /* Supporting Files */,
			);
			path = bix;
			sourceTree = "<group>";
		};
		ECF7E1D418C0516D002BA385 /* Supporting Files */ = {
			isa = PBXGroup;
			children = (
				ECF7E1D518C0516D002BA385 /* bix-Info.plist */,
				ECF7E1D618C0516D002BA385 /* InfoPlist.strings */,
				ECF7E1D918C0516D002BA385 /* main.m */,
				ECF7E1DB18C0516D002BA385 /* bix-Prefix.pch */,
			);
			name = "Supporting Files";
			sourceTree = "<group>";
		};
		ECF7E1F518C0516D002BA385 /* bixTests */ = {
			isa = PBXGroup;
			children = (
				ECF7E1FB18C0516D002BA385 /* bixTests.m */,
				ECF7E1F618C0516D002BA385 /* Supporting Files */,
			);
			path = bixTests;
			sourceTree = "<group>";
		};
		ECF7E1F618C0516D002BA385 /* Supporting Files */ = {
			isa = PBXGroup;
			children = (
				ECF7E1F718C0516D002BA385 /* bixTests-Info.plist */,
				ECF7E1F818C0516D002BA385 /* InfoPlist.strings */,
			);
			name = "Supporting Files";
			sourceTree = "<group>";
		};
/* End PBXGroup section */

/* Begin PBXNativeTarget section */
		ECF7E1C918C0516D002BA385 /* bix */ = {
			isa = PBXNativeTarget;
			buildConfigurationList = ECF7E1FF18C0516D002BA385 /* Build configuration list for PBXNativeTarget "bix" */;
			buildPhases = (
				ECF7E1C618C0516D002BA385 /* Sources */,
				ECF7E1C718C0516D002BA385 /* Frameworks */,
				ECF7E1C818C0516D002BA385 /* Resources */,
			);
			buildRules = (
			);
			dependencies = (
			);
			name = bix;
			productName = bix;
			productReference = ECF7E1CA18C0516D002BA385 /* bix.app */;
			productType = "com.apple.product-type.application";
		};
		ECF7E1ED18C0516D002BA385 /* bixTests */ = {
			isa = PBXNativeTarget;
			buildConfigurationList = ECF7E20218C0516D002BA385 /* Build configuration list for PBXNativeTarget "bixTests" */;
			buildPhases = (
				ECF7E1EA18C0516D002BA385 /* Sources */,
				ECF7E1EB18C0516D002BA385 /* Frameworks */,
				ECF7E1EC18C0516D002BA385 /* Resources */,
			);
			buildRules = (
			);
			dependencies = (
				ECF7E1F418C0516D002BA385 /* PBXTargetDependency */,
			);
			name = bixTests;
			productName = bixTests;
			productReference = ECF7E1EE18C0516D002BA385 /* bixTests.xctest */;
			productType = "com.apple.product-type.bundle.unit-test";
		};
/* End PBXNativeTarget section */

/* Begin PBXProject section */
		ECF7E1C218C0516D002BA385 /* Project object */ = {
			isa = PBXProject;
			attributes = {
				CLASSPREFIX = bix;
				LastUpgradeCheck = 0500;
				ORGANIZATIONNAME = bix;
				TargetAttributes = {
					ECF7E1ED18C0516D002BA385 = {
						TestTargetID = ECF7E1C918C0516D002BA385;
					};
				};
			};
			buildConfigurationList = ECF7E1C518C0516D002BA385 /* Build configuration list for PBXProject "bix" */;
			compatibilityVersion = "Xcode 3.2";
			developmentRegion = English;
			hasScannedForEncodings = 0;
			knownRegions = (
				en,
				Base,
			);
			mainGroup = ECF7E1C118C0516D002BA385;
			productRefGroup = ECF7E1CB18C0516D002BA385 /* Products */;
			projectDirPath = "";
			projectRoot = "";
			targets = (
				ECF7E1C918C0516D002BA385 /* bix */,
				ECF7E1ED18C0516D002BA385 /* bixTests */,
			);
		};
/* End PBXProject section */

/* Begin PBXResourcesBuildPhase section */
		ECF7E1C818C0516D002BA385 /* Resources */ = {
			isa = PBXResourcesBuildPhase;
			buildActionMask = 2147483647;
			files = (
				ECF7E1E918C0516D002BA385 /* Images.xcassets in Resources */,
				ECF7E1D818C0516D002BA385 /* InfoPlist.strings in Resources */,
				ECF7E1E118C0516D002BA385 /* Main.storyboard in Resources */,
			);
			runOnlyForDeploymentPostprocessing = 0;
		};
		ECF7E1EC18C0516D002BA385 /* Resources */ = {
			isa = PBXResourcesBuildPhase;
			buildActionMask = 2147483647;
			files = (
				ECF7E1FA18C0516D002BA385 /* InfoPlist.strings in Resources */,
			);
			runOnlyForDeploymentPostprocessing = 0;
		};
/* End PBXResourcesBuildPhase section */

/* Begin PBXSourcesBuildPhase section */
		ECF7E1C618C0516D002BA385 /* Sources */ = {
			isa = PBXSourcesBuildPhase;
			buildActionMask = 2147483647;
			files = (
				ECF7E1E418C0516D002BA385 /* bixFirstViewController.m in Sources */,
				ECF7E1DE18C0516D002BA385 /* bixAppDelegate.m in Sources */,
				ECF7E1E718C0516D002BA385 /* bixSecondViewController.m in Sources */,
				ECF7E1DA18C0516D002BA385 /* main.m in Sources */,
			);
			runOnlyForDeploymentPostprocessing = 0;
		};
		ECF7E1EA18C0516D002BA385 /* Sources */ = {
			isa = PBXSourcesBuildPhase;
			buildActionMask = 2147483647;
			files = (
				ECF7E1FC18C0516D002BA385 /* bixTests.m in Sources */,
			);
			runOnlyForDeploymentPostprocessing = 0;
		};
/* End PBXSourcesBuildPhase section */

/* Begin PBXTargetDependency section */
		ECF7E1F418C0516D002BA385 /* PBXTargetDependency */ = {
			isa = PBXTargetDependency;
			target = ECF7E1C918C0516D002BA385 /* bix */;
			targetProxy = ECF7E1F318C0516D002BA385 /* PBXContainerItemProxy */;
		};
/* End PBXTargetDependency section */

/* Begin PBXVariantGroup section */
		ECF7E1D618C0516D002BA385 /* InfoPlist.strings */ = {
			isa = PBXVariantGroup;
			children = (
				ECF7E1D718C0516D002BA385 /* en */,
			);
			name = InfoPlist.strings;
			sourceTree = "<group>";
		};
		ECF7E1DF18C0516D002BA385 /* Main.storyboard */ = {
			isa = PBXVariantGroup;
			children = (
				ECF7E1E018C0516D002BA385 /* Base */,
			);
			name = Main.storyboard;
			sourceTree = "<group>";
		};
		ECF7E1F818C0516D002BA385 /* InfoPlist.strings */ = {
			isa = PBXVariantGroup;
			children = (
				ECF7E1F918C0516D002BA385 /* en */,
			);
			name = InfoPlist.strings;
			sourceTree = "<group>";
		};
/* End PBXVariantGroup section */

/* Begin XCBuildConfiguration section */
		ECF7E1FD18C0516D002BA385 /* Debug */ = {
			isa = XCBuildConfiguration;
			buildSettings = {
				ALWAYS_SEARCH_USER_PATHS = NO;
				ARCHS = "$(ARCHS_STANDARD_INCLUDING_64_BIT)";
				CLANG_CXX_LANGUAGE_STANDARD = "gnu++0x";
				CLANG_CXX_LIBRARY = "libc++";
				CLANG_ENABLE_MODULES = YES;
				CLANG_ENABLE_OBJC_ARC = YES;
				CLANG_WARN_BOOL_CONVERSION = YES;
				CLANG_WARN_CONSTANT_CONVERSION = YES;
				CLANG_WARN_DIRECT_OBJC_ISA_USAGE = YES_ERROR;
				CLANG_WARN_EMPTY_BODY = YES;
				CLANG_WARN_ENUM_CONVERSION = YES;
				CLANG_WARN_INT_CONVERSION = YES;
				CLANG_WARN_OBJC_ROOT_CLASS = YES_ERROR;
				CLANG_WARN__DUPLICATE_METHOD_MATCH = YES;
				"CODE_SIGN_IDENTITY[sdk=iphoneos*]" = "iPhone Developer";
				COPY_PHASE_STRIP = NO;
				GCC_C_LANGUAGE_STANDARD = gnu99;
				GCC_DYNAMIC_NO_PIC = NO;
				GCC_OPTIMIZATION_LEVEL = 0;
				GCC_PREPROCESSOR_DEFINITIONS = (
					"DEBUG=1",
					"$(inherited)",
				);
				GCC_SYMBOLS_PRIVATE_EXTERN = NO;
				GCC_WARN_64_TO_32_BIT_CONVERSION = YES;
				GCC_WARN_ABOUT_RETURN_TYPE = YES_ERROR;
				GCC_WARN_UNDECLARED_SELECTOR = YES;
				GCC_WARN_UNINITIALIZED_AUTOS = YES;
				GCC_WARN_UNUSED_FUNCTION = YES;
				GCC_WARN_UNUSED_VARIABLE = YES;
				IPHONEOS_DEPLOYMENT_TARGET = 7.0;
				ONLY_ACTIVE_ARCH = YES;
				SDKROOT = iphoneos;
			};
			name = Debug;
		};
		ECF7E1FE18C0516D002BA385 /* Release */ = {
			isa = XCBuildConfiguration;
			buildSettings = {
				ALWAYS_SEARCH_USER_PATHS = NO;
				ARCHS = "$(ARCHS_STANDARD_INCLUDING_64_BIT)";
				CLANG_CXX_LANGUAGE_STANDARD = "gnu++0x";
				CLANG_CXX_LIBRARY = "libc++";
				CLANG_ENABLE_MODULES = YES;
				CLANG_ENABLE_OBJC_ARC = YES;
				CLANG_WARN_BOOL_CONVERSION = YES;
				CLANG_WARN_CONSTANT_CONVERSION = YES;
				CLANG_WARN_DIRECT_OBJC_ISA_USAGE = YES_ERROR;
				CLANG_WARN_EMPTY_BODY = YES;
				CLANG_WARN_ENUM_CONVERSION = YES;
				CLANG_WARN_INT_CONVERSION = YES;
				CLANG_WARN_OBJC_ROOT_CLASS = YES_ERROR;
				CLANG_WARN__DUPLICATE_METHOD_MATCH = YES;
				"CODE_SIGN_IDENTITY[sdk=iphoneos*]" = "iPhone Developer";
				COPY_PHASE_STRIP = YES;
				ENABLE_NS_ASSERTIONS = NO;
				GCC_C_LANGUAGE_STANDARD = gnu99;
				GCC_WARN_64_TO_32_BIT_CONVERSION = YES;
				GCC_WARN_ABOUT_RETURN_TYPE = YES_ERROR;
				GCC_WARN_UNDECLARED_SELECTOR = YES;
				GCC_WARN_UNINITIALIZED_AUTOS = YES;
				GCC_WARN_UNUSED_FUNCTION = YES;
				GCC_WARN_UNUSED_VARIABLE = YES;
				IPHONEOS_DEPLOYMENT_TARGET = 7.0;
				SDKROOT = iphoneos;
				VALIDATE_PRODUCT = YES;
			};
			name = Release;
		};
		ECF7E20018C0516D002BA385 /* Debug */ = {
			isa = XCBuildConfiguration;
			buildSettings = {
				ASSETCATALOG_COMPILER_APPICON_NAME = AppIcon;
				ASSETCATALOG_COMPILER_LAUNCHIMAGE_NAME = LaunchImage;
				GCC_PRECOMPILE_PREFIX_HEADER = YES;
				GCC_PREFIX_HEADER = "bix/bix-Prefix.pch";
				INFOPLIST_FILE = "bix/bix-Info.plist";
				PRODUCT_NAME = "$(TARGET_NAME)";
				WRAPPER_EXTENSION = app;
			};
			name = Debug;
		};
		ECF7E20118C0516D002BA385 /* Release */ = {
			isa = XCBuildConfiguration;
			buildSettings = {
				ASSETCATALOG_COMPILER_APPICON_NAME = AppIcon;
				ASSETCATALOG_COMPILER_LAUNCHIMAGE_NAME = LaunchImage;
				GCC_PRECOMPILE_PREFIX_HEADER = YES;
				GCC_PREFIX_HEADER = "bix/bix-Prefix.pch";
				INFOPLIST_FILE = "bix/bix-Info.plist";
				PRODUCT_NAME = "$(TARGET_NAME)";
				WRAPPER_EXTENSION = app;
			};
			name = Release;
		};
		ECF7E20318C0516D002BA385 /* Debug */ = {
			isa = XCBuildConfiguration;
			buildSettings = {
				ARCHS = "$(ARCHS_STANDARD_INCLUDING_64_BIT)";
				BUNDLE_LOADER = "$(BUILT_PRODUCTS_DIR)/bix.app/bix";
				FRAMEWORK_SEARCH_PATHS = (
					"$(SDKROOT)/Developer/Library/Frameworks",
					"$(inherited)",
					"$(DEVELOPER_FRAMEWORKS_DIR)",
				);
				GCC_PRECOMPILE_PREFIX_HEADER = YES;
				GCC_PREFIX_HEADER = "bix/bix-Prefix.pch";
				GCC_PREPROCESSOR_DEFINITIONS = (
					"DEBUG=1",
					"$(inherited)",
				);
				INFOPLIST_FILE = "bixTests/bixTests-Info.plist";
				PRODUCT_NAME = "$(TARGET_NAME)";
				TEST_HOST = "$(BUNDLE_LOADER)";
				WRAPPER_EXTENSION = xctest;
			};
			name = Debug;
		};
		ECF7E20418C0516D002BA385 /* Release */ = {
			isa = XCBuildConfiguration;
			buildSettings = {
				ARCHS = "$(ARCHS_STANDARD_INCLUDING_64_BIT)";
				BUNDLE_LOADER = "$(BUILT_PRODUCTS_DIR)/bix.app/bix";
				FRAMEWORK_SEARCH_PATHS = (
					"$(SDKROOT)/Developer/Library/Frameworks",
					"$(inherited)",
					"$(DEVELOPER_FRAMEWORKS_DIR)",
				);
				GCC_PRECOMPILE_PREFIX_HEADER = YES;
				GCC_PREFIX_HEADER = "bix/bix-Prefix.pch";
				INFOPLIST_FILE = "bixTests/bixTests-Info.plist";
				PRODUCT_NAME = "$(TARGET_NAME)";
				TEST_HOST = "$(BUNDLE_LOADER)";
				WRAPPER_EXTENSION = xctest;
			};
			name = Release;
		};
/* End XCBuildConfiguration section */

/* Begin XCConfigurationList section */
		ECF7E1C518C0516D002BA385 /* Build configuration list for PBXProject "bix" */ = {
			isa = XCConfigurationList;
			buildConfigurations = (
				ECF7E1FD18C0516D002BA385 /* Debug */,
				ECF7E1FE18C0516D002BA385 /* Release */,
			);
			defaultConfigurationIsVisible = 0;
			defaultConfigurationName = Release;
		};
		ECF7E1FF18C0516D002BA385 /* Build configuration list for PBXNativeTarget "bix" */ = {
			isa = XCConfigurationList;
			buildConfigurations = (
				ECF7E20018C0516D002BA385 /* Debug */,
				ECF7E20118C0516D002BA385 /* Release */,
			);
			defaultConfigurationIsVisible = 0;
		};
		ECF7E20218C0516D002BA385 /* Build configuration list for PBXNativeTarget "bixTests" */ = {
			isa = XCConfigurationList;
			buildConfigurations = (
				ECF7E20318C0516D002BA385 /* Debug */,
				ECF7E20418C0516D002BA385 /* Release */,
			);
			defaultConfigurationIsVisible = 0;
		};
/* End XCConfigurationList section */
	};
	rootObject = ECF7E1C218C0516D002BA385 /* Project object */;
}
